
Microsoft Visual Studio Solution File, Format Version 12.00
# Visual Studio Version 17
VisualStudioVersion = 17.3.32804.467
MinimumVisualStudioVersion = 10.0.40219.1
Project("{FAE04EC0-301F-11D3-BF4B-00C04F79EFBC}") = "SteganoBlaze", "SteganoBlaze\SteganoBlaze.csproj", "{75DD2746-A9E6-442A-B4CC-2C0693DD666E}"
EndProject
Global
	GlobalSection(SolutionConfigurationPlatforms) = preSolution
		Debug|Any CPU = Debug|Any CPU
		Release|Any CPU = Release|Any CPU
	EndGlobalSection
	GlobalSection(ProjectConfigurationPlatforms) = postSolution
		{75DD2746-A9E6-442A-B4CC-2C0693DD666E}.Debug|Any CPU.ActiveCfg = Debug|Any CPU
		{75DD2746-A9E6-442A-B4CC-2C0693DD666E}.Debug|Any CPU.Build.0 = Debug|Any CPU
		{75DD2746-A9E6-442A-B4CC-2C0693DD666E}.Release|Any CPU.ActiveCfg = Release|Any CPU
		{75DD2746-A9E6-442A-B4CC-2C0693DD666E}.Release|Any CPU.Build.0 = Release|Any CPU
	EndGlobalSection
	GlobalSection(SolutionProperties) = preSolution
		HideSolutionNode = FALSE
	EndGlobalSection
	GlobalSection(ExtensibilityGlobals) = postSolution
		SolutionGuid = {64787214-F899-446D-A77B-D35AD381A2EA}
	EndGlobalSection
EndGlobal
